
Microsoft Visual Studio Solution File, Format Version 12.00
# Visual Studio Version 17
VisualStudioVersion = 17.7.34221.43
MinimumVisualStudioVersion = 10.0.40219.1
Project("{FAE04EC0-301F-11D3-BF4B-00C04F79EFBC}") = "TheMonsterFactory", "MonsterFactory\TheMonsterFactory.csproj", "{EF000860-9FF6-4236-BDDB-9DE636BF6E90}"
EndProject
Global
	GlobalSection(SolutionConfigurationPlatforms) = preSolution
		Debug|Any CPU = Debug|Any CPU
		Release|Any CPU = Release|Any CPU
	EndGlobalSection
	GlobalSection(ProjectConfigurationPlatforms) = postSolution
		{EF000860-9FF6-4236-BDDB-9DE636BF6E90}.Debug|Any CPU.ActiveCfg = Debug|Any CPU
		{EF000860-9FF6-4236-BDDB-9DE636BF6E90}.Debug|Any CPU.Build.0 = Debug|Any CPU
		{EF000860-9FF6-4236-BDDB-9DE636BF6E90}.Release|Any CPU.ActiveCfg = Release|Any CPU
		{EF000860-9FF6-4236-BDDB-9DE636BF6E90}.Release|Any CPU.Build.0 = Release|Any CPU
	EndGlobalSection
	GlobalSection(SolutionProperties) = preSolution
		HideSolutionNode = FALSE
	EndGlobalSection
	GlobalSection(ExtensibilityGlobals) = postSolution
		SolutionGuid = {EB1A93F4-00F9-40D5-8B5E-0542B33DFC5D}
	EndGlobalSection
EndGlobal
